
Microsoft Visual Studio Solution File, Format Version 12.00
# Visual Studio Version 17
VisualStudioVersion = 17.14.36109.1 d17.14
MinimumVisualStudioVersion = 10.0.40219.1
Project("{FAE04EC0-301F-11D3-BF4B-00C04F79EFBC}") = "DelePrac2", "DelePrac2\DelePrac2.csproj", "{A697D9B5-E239-4363-A857-B52D8911AB16}"
EndProject
Global
	GlobalSection(SolutionConfigurationPlatforms) = preSolution
		Debug|Any CPU = Debug|Any CPU
		Release|Any CPU = Release|Any CPU
	EndGlobalSection
	GlobalSection(ProjectConfigurationPlatforms) = postSolution
		{A697D9B5-E239-4363-A857-B52D8911AB16}.Debug|Any CPU.ActiveCfg = Debug|Any CPU
		{A697D9B5-E239-4363-A857-B52D8911AB16}.Debug|Any CPU.Build.0 = Debug|Any CPU
		{A697D9B5-E239-4363-A857-B52D8911AB16}.Release|Any CPU.ActiveCfg = Release|Any CPU
		{A697D9B5-E239-4363-A857-B52D8911AB16}.Release|Any CPU.Build.0 = Release|Any CPU
	EndGlobalSection
	GlobalSection(SolutionProperties) = preSolution
		HideSolutionNode = FALSE
	EndGlobalSection
	GlobalSection(ExtensibilityGlobals) = postSolution
		SolutionGuid = {EDF0CC21-5FEB-4EC4-A922-491E862BA546}
	EndGlobalSection
EndGlobal
